PODS:
  - CollectionKit (2.3.0):
    - CollectionKit/Core (= 2.3.0)
  - CollectionKit/Core (2.3.0)
  - Nimble (8.0.1)
  - Quick (2.0.0)

DEPENDENCIES:
  - CollectionKit
  - Nimble
  - Quick

SPEC REPOS:
  https://github.com/cocoapods/specs.git:
    - CollectionKit
    - Nimble
    - Quick

SPEC CHECKSUMS:
  CollectionKit: 6910479bf865bfe49040e73322ce4b8fe8991231
  Nimble: 45f786ae66faa9a709624227fae502db55a8bdd0
  Quick: ce1276c7c27ba2da3cb2fd0cde053c3648b3b22d

PODFILE CHECKSUM: 9f267684d434cd47308cfccd1a67af97fb4a4799

COCOAPODS: 1.6.0.beta.2
